// !$*UTF8*$!
{
	archiveVersion = 1;
	classes = {
	};
	objectVersion = 46;
	objects = {

/* Begin PBXBuildFile section */
		F10222651CE4EA1300C25F7D /* Token.swift in Sources */ = {isa = PBXBuildFile; fileRef = F10222641CE4EA1300C25F7D /* Token.swift */; };
		F10222691CE4ECD900C25F7D /* Card.swift in Sources */ = {isa = PBXBuildFile; fileRef = F10222681CE4ECD900C25F7D /* Card.swift */; };
		F102226B1CE4ECF300C25F7D /* CardValue.swift in Sources */ = {isa = PBXBuildFile; fileRef = F102226A1CE4ECF300C25F7D /* CardValue.swift */; };
		F102226D1CE4EF5A00C25F7D /* CardSuit.swift in Sources */ = {isa = PBXBuildFile; fileRef = F102226C1CE4EF5A00C25F7D /* CardSuit.swift */; };
		F102226F1CE4F3BA00C25F7D /* CardShoe.swift in Sources */ = {isa = PBXBuildFile; fileRef = F102226E1CE4F3BA00C25F7D /* CardShoe.swift */; };
		F10222711CE502A900C25F7D /* Dealer.swift in Sources */ = {isa = PBXBuildFile; fileRef = F10222701CE502A900C25F7D /* Dealer.swift */; };
		F10222731CE5032000C25F7D /* PlayerAction.swift in Sources */ = {isa = PBXBuildFile; fileRef = F10222721CE5032000C25F7D /* PlayerAction.swift */; };
		F158CF641CE4D4160006DACA /* AppDelegate.swift in Sources */ = {isa = PBXBuildFile; fileRef = F158CF631CE4D4160006DACA /* AppDelegate.swift */; };
		F158CF661CE4D4160006DACA /* ViewController.swift in Sources */ = {isa = PBXBuildFile; fileRef = F158CF651CE4D4160006DACA /* ViewController.swift */; };
		F158CF691CE4D4160006DACA /* Main.storyboard in Resources */ = {isa = PBXBuildFile; fileRef = F158CF671CE4D4160006DACA /* Main.storyboard */; };
		F158CF6C1CE4D4160006DACA /* BlackJack.xcdatamodeld in Sources */ = {isa = PBXBuildFile; fileRef = F158CF6A1CE4D4160006DACA /* BlackJack.xcdatamodeld */; };
		F158CF6E1CE4D4160006DACA /* Assets.xcassets in Resources */ = {isa = PBXBuildFile; fileRef = F158CF6D1CE4D4160006DACA /* Assets.xcassets */; };
		F158CF711CE4D4160006DACA /* LaunchScreen.storyboard in Resources */ = {isa = PBXBuildFile; fileRef = F158CF6F1CE4D4160006DACA /* LaunchScreen.storyboard */; };
		F158CF7C1CE4D4170006DACA /* BlackJackTests.swift in Sources */ = {isa = PBXBuildFile; fileRef = F158CF7B1CE4D4170006DACA /* BlackJackTests.swift */; };
		F158CF871CE4D4170006DACA /* BlackJackUITests.swift in Sources */ = {isa = PBXBuildFile; fileRef = F158CF861CE4D4170006DACA /* BlackJackUITests.swift */; };
		F15ABEED1CE5CA7000915353 /* RandomPlayer.swift in Sources */ = {isa = PBXBuildFile; fileRef = F15ABEEC1CE5CA7000915353 /* RandomPlayer.swift */; };
		F15ABEEF1CE5CE2400915353 /* BlackJackPlayer.swift in Sources */ = {isa = PBXBuildFile; fileRef = F15ABEEE1CE5CE2400915353 /* BlackJackPlayer.swift */; };
		F15ABEF11CE5FEFC00915353 /* Hand.swift in Sources */ = {isa = PBXBuildFile; fileRef = F15ABEF01CE5FEFC00915353 /* Hand.swift */; };
/* End PBXBuildFile section */

/* Begin PBXContainerItemProxy section */
		F158CF781CE4D4170006DACA /* PBXContainerItemProxy */ = {
			isa = PBXContainerItemProxy;
			containerPortal = F158CF581CE4D4160006DACA /* Project object */;
			proxyType = 1;
			remoteGlobalIDString = F158CF5F1CE4D4160006DACA;
			remoteInfo = BlackJack;
		};
		F158CF831CE4D4170006DACA /* PBXContainerItemProxy */ = {
			isa = PBXContainerItemProxy;
			containerPortal = F158CF581CE4D4160006DACA /* Project object */;
			proxyType = 1;
			remoteGlobalIDString = F158CF5F1CE4D4160006DACA;
			remoteInfo = BlackJack;
		};
/* End PBXContainerItemProxy section */

/* Begin PBXFileReference section */
		F10222641CE4EA1300C25F7D /* Token.swift */ = {isa = PBXFileReference; fileEncoding = 4; lastKnownFileType = sourcecode.swift; path = Token.swift; sourceTree = "<group>"; };
		F10222681CE4ECD900C25F7D /* Card.swift */ = {isa = PBXFileReference; fileEncoding = 4; lastKnownFileType = sourcecode.swift; path = Card.swift; sourceTree = "<group>"; };
		F102226A1CE4ECF300C25F7D /* CardValue.swift */ = {isa = PBXFileReference; fileEncoding = 4; lastKnownFileType = sourcecode.swift; path = CardValue.swift; sourceTree = "<group>"; };
		F102226C1CE4EF5A00C25F7D /* CardSuit.swift */ = {isa = PBXFileReference; fileEncoding = 4; lastKnownFileType = sourcecode.swift; path = CardSuit.swift; sourceTree = "<group>"; };
		F102226E1CE4F3BA00C25F7D /* CardShoe.swift */ = {isa = PBXFileReference; fileEncoding = 4; lastKnownFileType = sourcecode.swift; lineEnding = 0; path = CardShoe.swift; sourceTree = "<group>"; };
		F10222701CE502A900C25F7D /* Dealer.swift */ = {isa = PBXFileReference; fileEncoding = 4; lastKnownFileType = sourcecode.swift; path = Dealer.swift; sourceTree = "<group>"; };
		F10222721CE5032000C25F7D /* PlayerAction.swift */ = {isa = PBXFileReference; fileEncoding = 4; lastKnownFileType = sourcecode.swift; path = PlayerAction.swift; sourceTree = "<group>"; };
		F158CF601CE4D4160006DACA /* BlackJack.app */ = {isa = PBXFileReference; explicitFileType = wrapper.application; includeInIndex = 0; path = BlackJack.app; sourceTree = BUILT_PRODUCTS_DIR; };
		F158CF631CE4D4160006DACA /* AppDelegate.swift */ = {isa = PBXFileReference; lastKnownFileType = sourcecode.swift; path = AppDelegate.swift; sourceTree = "<group>"; };
		F158CF651CE4D4160006DACA /* ViewController.swift */ = {isa = PBXFileReference; lastKnownFileType = sourcecode.swift; path = ViewController.swift; sourceTree = "<group>"; };
		F158CF681CE4D4160006DACA /* Base */ = {isa = PBXFileReference; lastKnownFileType = file.storyboard; name = Base; path = Base.lproj/Main.storyboard; sourceTree = "<group>"; };
		F158CF6B1CE4D4160006DACA /* BlackJack.xcdatamodel */ = {isa = PBXFileReference; lastKnownFileType = wrapper.xcdatamodel; path = BlackJack.xcdatamodel; sourceTree = "<group>"; };
		F158CF6D1CE4D4160006DACA /* Assets.xcassets */ = {isa = PBXFileReference; lastKnownFileType = folder.assetcatalog; path = Assets.xcassets; sourceTree = "<group>"; };
		F158CF701CE4D4160006DACA /* Base */ = {isa = PBXFileReference; lastKnownFileType = file.storyboard; name = Base; path = Base.lproj/LaunchScreen.storyboard; sourceTree = "<group>"; };
		F158CF721CE4D4160006DACA /* Info.plist */ = {isa = PBXFileReference; lastKnownFileType = text.plist.xml; path = Info.plist; sourceTree = "<group>"; };
		F158CF771CE4D4170006DACA /* BlackJackTests.xctest */ = {isa = PBXFileReference; explicitFileType = wrapper.cfbundle; includeInIndex = 0; path = BlackJackTests.xctest; sourceTree = BUILT_PRODUCTS_DIR; };
		F158CF7B1CE4D4170006DACA /* BlackJackTests.swift */ = {isa = PBXFileReference; lastKnownFileType = sourcecode.swift; path = BlackJackTests.swift; sourceTree = "<group>"; };
		F158CF7D1CE4D4170006DACA /* Info.plist */ = {isa = PBXFileReference; lastKnownFileType = text.plist.xml; path = Info.plist; sourceTree = "<group>"; };
		F158CF821CE4D4170006DACA /* BlackJackUITests.xctest */ = {isa = PBXFileReference; explicitFileType = wrapper.cfbundle; includeInIndex = 0; path = BlackJackUITests.xctest; sourceTree = BUILT_PRODUCTS_DIR; };
		F158CF861CE4D4170006DACA /* BlackJackUITests.swift */ = {isa = PBXFileReference; lastKnownFileType = sourcecode.swift; path = BlackJackUITests.swift; sourceTree = "<group>"; };
		F158CF881CE4D4170006DACA /* Info.plist */ = {isa = PBXFileReference; lastKnownFileType = text.plist.xml; path = Info.plist; sourceTree = "<group>"; };
		F15ABEEC1CE5CA7000915353 /* RandomPlayer.swift */ = {isa = PBXFileReference; fileEncoding = 4; lastKnownFileType = sourcecode.swift; path = RandomPlayer.swift; sourceTree = "<group>"; };
		F15ABEEE1CE5CE2400915353 /* BlackJackPlayer.swift */ = {isa = PBXFileReference; fileEncoding = 4; lastKnownFileType = sourcecode.swift; path = BlackJackPlayer.swift; sourceTree = "<group>"; };
		F15ABEF01CE5FEFC00915353 /* Hand.swift */ = {isa = PBXFileReference; fileEncoding = 4; lastKnownFileType = sourcecode.swift; path = Hand.swift; sourceTree = "<group>"; };
/* End PBXFileReference section */

/* Begin PBXFrameworksBuildPhase section */
		F158CF5D1CE4D4160006DACA /* Frameworks */ = {
			isa = PBXFrameworksBuildPhase;
			buildActionMask = 2147483647;
			files = (
			);
			runOnlyForDeploymentPostprocessing = 0;
		};
		F158CF741CE4D4170006DACA /* Frameworks */ = {
			isa = PBXFrameworksBuildPhase;
			buildActionMask = 2147483647;
			files = (
			);
			runOnlyForDeploymentPostprocessing = 0;
		};
		F158CF7F1CE4D4170006DACA /* Frameworks */ = {
			isa = PBXFrameworksBuildPhase;
			buildActionMask = 2147483647;
			files = (
			);
			runOnlyForDeploymentPostprocessing = 0;
		};
/* End PBXFrameworksBuildPhase section */

/* Begin PBXGroup section */
		F158CF571CE4D4160006DACA = {
			isa = PBXGroup;
			children = (
				F158CF621CE4D4160006DACA /* BlackJack */,
				F158CF7A1CE4D4170006DACA /* BlackJackTests */,
				F158CF851CE4D4170006DACA /* BlackJackUITests */,
				F158CF611CE4D4160006DACA /* Products */,
			);
			sourceTree = "<group>";
		};
		F158CF611CE4D4160006DACA /* Products */ = {
			isa = PBXGroup;
			children = (
				F158CF601CE4D4160006DACA /* BlackJack.app */,
				F158CF771CE4D4170006DACA /* BlackJackTests.xctest */,
				F158CF821CE4D4170006DACA /* BlackJackUITests.xctest */,
			);
			name = Products;
			sourceTree = "<group>";
		};
		F158CF621CE4D4160006DACA /* BlackJack */ = {
			isa = PBXGroup;
			children = (
				F158CF631CE4D4160006DACA /* AppDelegate.swift */,
				F158CF651CE4D4160006DACA /* ViewController.swift */,
				F158CF671CE4D4160006DACA /* Main.storyboard */,
				F158CF6D1CE4D4160006DACA /* Assets.xcassets */,
				F158CF6F1CE4D4160006DACA /* LaunchScreen.storyboard */,
				F158CF721CE4D4160006DACA /* Info.plist */,
				F158CF6A1CE4D4160006DACA /* BlackJack.xcdatamodeld */,
				F15ABEEE1CE5CE2400915353 /* BlackJackPlayer.swift */,
				F10222681CE4ECD900C25F7D /* Card.swift */,
				F102226E1CE4F3BA00C25F7D /* CardShoe.swift */,
				F102226C1CE4EF5A00C25F7D /* CardSuit.swift */,
				F102226A1CE4ECF300C25F7D /* CardValue.swift */,
				F10222701CE502A900C25F7D /* Dealer.swift */,
				F15ABEF01CE5FEFC00915353 /* Hand.swift */,
				F10222721CE5032000C25F7D /* PlayerAction.swift */,
				F15ABEEC1CE5CA7000915353 /* RandomPlayer.swift */,
				F10222641CE4EA1300C25F7D /* Token.swift */,
			);
			path = BlackJack;
			sourceTree = "<group>";
		};
		F158CF7A1CE4D4170006DACA /* BlackJackTests */ = {
			isa = PBXGroup;
			children = (
				F158CF7B1CE4D4170006DACA /* BlackJackTests.swift */,
				F158CF7D1CE4D4170006DACA /* Info.plist */,
			);
			path = BlackJackTests;
			sourceTree = "<group>";
		};
		F158CF851CE4D4170006DACA /* BlackJackUITests */ = {
			isa = PBXGroup;
			children = (
				F158CF861CE4D4170006DACA /* BlackJackUITests.swift */,
				F158CF881CE4D4170006DACA /* Info.plist */,
			);
			path = BlackJackUITests;
			sourceTree = "<group>";
		};
/* End PBXGroup section */

/* Begin PBXNativeTarget section */
		F158CF5F1CE4D4160006DACA /* BlackJack */ = {
			isa = PBXNativeTarget;
			buildConfigurationList = F158CF8B1CE4D4170006DACA /* Build configuration list for PBXNativeTarget "BlackJack" */;
			buildPhases = (
				F158CF5C1CE4D4160006DACA /* Sources */,
				F158CF5D1CE4D4160006DACA /* Frameworks */,
				F158CF5E1CE4D4160006DACA /* Resources */,
			);
			buildRules = (
			);
			dependencies = (
			);
			name = BlackJack;
			productName = BlackJack;
			productReference = F158CF601CE4D4160006DACA /* BlackJack.app */;
			productType = "com.apple.product-type.application";
		};
		F158CF761CE4D4170006DACA /* BlackJackTests */ = {
			isa = PBXNativeTarget;
			buildConfigurationList = F158CF8E1CE4D4170006DACA /* Build configuration list for PBXNativeTarget "BlackJackTests" */;
			buildPhases = (
				F158CF731CE4D4170006DACA /* Sources */,
				F158CF741CE4D4170006DACA /* Frameworks */,
				F158CF751CE4D4170006DACA /* Resources */,
			);
			buildRules = (
			);
			dependencies = (
				F158CF791CE4D4170006DACA /* PBXTargetDependency */,
			);
			name = BlackJackTests;
			productName = BlackJackTests;
			productReference = F158CF771CE4D4170006DACA /* BlackJackTests.xctest */;
			productType = "com.apple.product-type.bundle.unit-test";
		};
		F158CF811CE4D4170006DACA /* BlackJackUITests */ = {
			isa = PBXNativeTarget;
			buildConfigurationList = F158CF911CE4D4170006DACA /* Build configuration list for PBXNativeTarget "BlackJackUITests" */;
			buildPhases = (
				F158CF7E1CE4D4170006DACA /* Sources */,
				F158CF7F1CE4D4170006DACA /* Frameworks */,
				F158CF801CE4D4170006DACA /* Resources */,
			);
			buildRules = (
			);
			dependencies = (
				F158CF841CE4D4170006DACA /* PBXTargetDependency */,
			);
			name = BlackJackUITests;
			productName = BlackJackUITests;
			productReference = F158CF821CE4D4170006DACA /* BlackJackUITests.xctest */;
			productType = "com.apple.product-type.bundle.ui-testing";
		};
/* End PBXNativeTarget section */

/* Begin PBXProject section */
		F158CF581CE4D4160006DACA /* Project object */ = {
			isa = PBXProject;
			attributes = {
				LastSwiftUpdateCheck = 0720;
				LastUpgradeCheck = 0720;
				ORGANIZATIONNAME = B3Ingesup;
				TargetAttributes = {
					F158CF5F1CE4D4160006DACA = {
						CreatedOnToolsVersion = 7.2;
					};
					F158CF761CE4D4170006DACA = {
						CreatedOnToolsVersion = 7.2;
						TestTargetID = F158CF5F1CE4D4160006DACA;
					};
					F158CF811CE4D4170006DACA = {
						CreatedOnToolsVersion = 7.2;
						TestTargetID = F158CF5F1CE4D4160006DACA;
					};
				};
			};
			buildConfigurationList = F158CF5B1CE4D4160006DACA /* Build configuration list for PBXProject "BlackJack" */;
			compatibilityVersion = "Xcode 3.2";
			developmentRegion = English;
			hasScannedForEncodings = 0;
			knownRegions = (
				en,
				Base,
			);
			mainGroup = F158CF571CE4D4160006DACA;
			productRefGroup = F158CF611CE4D4160006DACA /* Products */;
			projectDirPath = "";
			projectRoot = "";
			targets = (
				F158CF5F1CE4D4160006DACA /* BlackJack */,
				F158CF761CE4D4170006DACA /* BlackJackTests */,
				F158CF811CE4D4170006DACA /* BlackJackUITests */,
			);
		};
/* End PBXProject section */

/* Begin PBXResourcesBuildPhase section */
		F158CF5E1CE4D4160006DACA /* Resources */ = {
			isa = PBXResourcesBuildPhase;
			buildActionMask = 2147483647;
			files = (
				F158CF711CE4D4160006DACA /* LaunchScreen.storyboard in Resources */,
				F158CF6E1CE4D4160006DACA /* Assets.xcassets in Resources */,
				F158CF691CE4D4160006DACA /* Main.storyboard in Resources */,
			);
			runOnlyForDeploymentPostprocessing = 0;
		};
		F158CF751CE4D4170006DACA /* Resources */ = {
			isa = PBXResourcesBuildPhase;
			buildActionMask = 2147483647;
			files = (
			);
			runOnlyForDeploymentPostprocessing = 0;
		};
		F158CF801CE4D4170006DACA /* Resources */ = {
			isa = PBXResourcesBuildPhase;
			buildActionMask = 2147483647;
			files = (
			);
			runOnlyForDeploymentPostprocessing = 0;
		};
/* End PBXResourcesBuildPhase section */

/* Begin PBXSourcesBuildPhase section */
		F158CF5C1CE4D4160006DACA /* Sources */ = {
			isa = PBXSourcesBuildPhase;
			buildActionMask = 2147483647;
			files = (
				F15ABEED1CE5CA7000915353 /* RandomPlayer.swift in Sources */,
				F15ABEEF1CE5CE2400915353 /* BlackJackPlayer.swift in Sources */,
				F102226D1CE4EF5A00C25F7D /* CardSuit.swift in Sources */,
				F158CF6C1CE4D4160006DACA /* BlackJack.xcdatamodeld in Sources */,
				F15ABEF11CE5FEFC00915353 /* Hand.swift in Sources */,
				F10222731CE5032000C25F7D /* PlayerAction.swift in Sources */,
				F10222691CE4ECD900C25F7D /* Card.swift in Sources */,
				F158CF661CE4D4160006DACA /* ViewController.swift in Sources */,
				F158CF641CE4D4160006DACA /* AppDelegate.swift in Sources */,
				F10222651CE4EA1300C25F7D /* Token.swift in Sources */,
				F102226F1CE4F3BA00C25F7D /* CardShoe.swift in Sources */,
				F102226B1CE4ECF300C25F7D /* CardValue.swift in Sources */,
				F10222711CE502A900C25F7D /* Dealer.swift in Sources */,
			);
			runOnlyForDeploymentPostprocessing = 0;
		};
		F158CF731CE4D4170006DACA /* Sources */ = {
			isa = PBXSourcesBuildPhase;
			buildActionMask = 2147483647;
			files = (
				F158CF7C1CE4D4170006DACA /* BlackJackTests.swift in Sources */,
			);
			runOnlyForDeploymentPostprocessing = 0;
		};
		F158CF7E1CE4D4170006DACA /* Sources */ = {
			isa = PBXSourcesBuildPhase;
			buildActionMask = 2147483647;
			files = (
				F158CF871CE4D4170006DACA /* BlackJackUITests.swift in Sources */,
			);
			runOnlyForDeploymentPostprocessing = 0;
		};
/* End PBXSourcesBuildPhase section */

/* Begin PBXTargetDependency section */
		F158CF791CE4D4170006DACA /* PBXTargetDependency */ = {
			isa = PBXTargetDependency;
			target = F158CF5F1CE4D4160006DACA /* BlackJack */;
			targetProxy = F158CF781CE4D4170006DACA /* PBXContainerItemProxy */;
		};
		F158CF841CE4D4170006DACA /* PBXTargetDependency */ = {
			isa = PBXTargetDependency;
			target = F158CF5F1CE4D4160006DACA /* BlackJack */;
			targetProxy = F158CF831CE4D4170006DACA /* PBXContainerItemProxy */;
		};
/* End PBXTargetDependency section */

/* Begin PBXVariantGroup section */
		F158CF671CE4D4160006DACA /* Main.storyboard */ = {
			isa = PBXVariantGroup;
			children = (
				F158CF681CE4D4160006DACA /* Base */,
			);
			name = Main.storyboard;
			sourceTree = "<group>";
		};
		F158CF6F1CE4D4160006DACA /* LaunchScreen.storyboard */ = {
			isa = PBXVariantGroup;
			children = (
				F158CF701CE4D4160006DACA /* Base */,
			);
			name = LaunchScreen.storyboard;
			sourceTree = "<group>";
		};
/* End PBXVariantGroup section */

/* Begin XCBuildConfiguration section */
		F158CF891CE4D4170006DACA /* Debug */ = {
			isa = XCBuildConfiguration;
			buildSettings = {
				ALWAYS_SEARCH_USER_PATHS = NO;
				CLANG_CXX_LANGUAGE_STANDARD = "gnu++0x";
				CLANG_CXX_LIBRARY = "libc++";
				CLANG_ENABLE_MODULES = YES;
				CLANG_ENABLE_OBJC_ARC = YES;
				CLANG_WARN_BOOL_CONVERSION = YES;
				CLANG_WARN_CONSTANT_CONVERSION = YES;
				CLANG_WARN_DIRECT_OBJC_ISA_USAGE = YES_ERROR;
				CLANG_WARN_EMPTY_BODY = YES;
				CLANG_WARN_ENUM_CONVERSION = YES;
				CLANG_WARN_INT_CONVERSION = YES;
				CLANG_WARN_OBJC_ROOT_CLASS = YES_ERROR;
				CLANG_WARN_UNREACHABLE_CODE = YES;
				CLANG_WARN__DUPLICATE_METHOD_MATCH = YES;
				"CODE_SIGN_IDENTITY[sdk=iphoneos*]" = "iPhone Developer";
				COPY_PHASE_STRIP = NO;
				DEBUG_INFORMATION_FORMAT = dwarf;
				ENABLE_STRICT_OBJC_MSGSEND = YES;
				ENABLE_TESTABILITY = YES;
				GCC_C_LANGUAGE_STANDARD = gnu99;
				GCC_DYNAMIC_NO_PIC = NO;
				GCC_NO_COMMON_BLOCKS = YES;
				GCC_OPTIMIZATION_LEVEL = 0;
				GCC_PREPROCESSOR_DEFINITIONS = (
					"DEBUG=1",
					"$(inherited)",
				);
				GCC_WARN_64_TO_32_BIT_CONVERSION = YES;
				GCC_WARN_ABOUT_RETURN_TYPE = YES_ERROR;
				GCC_WARN_UNDECLARED_SELECTOR = YES;
				GCC_WARN_UNINITIALIZED_AUTOS = YES_AGGRESSIVE;
				GCC_WARN_UNUSED_FUNCTION = YES;
				GCC_WARN_UNUSED_VARIABLE = YES;
				IPHONEOS_DEPLOYMENT_TARGET = 9.2;
				MTL_ENABLE_DEBUG_INFO = YES;
				ONLY_ACTIVE_ARCH = YES;
				SDKROOT = iphoneos;
				SWIFT_OPTIMIZATION_LEVEL = "-Onone";
				TARGETED_DEVICE_FAMILY = "1,2";
			};
			name = Debug;
		};
		F158CF8A1CE4D4170006DACA /* Release */ = {
			isa = XCBuildConfiguration;
			buildSettings = {
				ALWAYS_SEARCH_USER_PATHS = NO;
				CLANG_CXX_LANGUAGE_STANDARD = "gnu++0x";
				CLANG_CXX_LIBRARY = "libc++";
				CLANG_ENABLE_MODULES = YES;
				CLANG_ENABLE_OBJC_ARC = YES;
				CLANG_WARN_BOOL_CONVERSION = YES;
				CLANG_WARN_CONSTANT_CONVERSION = YES;
				CLANG_WARN_DIRECT_OBJC_ISA_USAGE = YES_ERROR;
				CLANG_WARN_EMPTY_BODY = YES;
				CLANG_WARN_ENUM_CONVERSION = YES;
				CLANG_WARN_INT_CONVERSION = YES;
				CLANG_WARN_OBJC_ROOT_CLASS = YES_ERROR;
				CLANG_WARN_UNREACHABLE_CODE = YES;
				CLANG_WARN__DUPLICATE_METHOD_MATCH = YES;
				"CODE_SIGN_IDENTITY[sdk=iphoneos*]" = "iPhone Developer";
				COPY_PHASE_STRIP = NO;
				DEBUG_INFORMATION_FORMAT = "dwarf-with-dsym";
				ENABLE_NS_ASSERTIONS = NO;
				ENABLE_STRICT_OBJC_MSGSEND = YES;
				GCC_C_LANGUAGE_STANDARD = gnu99;
				GCC_NO_COMMON_BLOCKS = YES;
				GCC_WARN_64_TO_32_BIT_CONVERSION = YES;
				GCC_WARN_ABOUT_RETURN_TYPE = YES_ERROR;
				GCC_WARN_UNDECLARED_SELECTOR = YES;
				GCC_WARN_UNINITIALIZED_AUTOS = YES_AGGRESSIVE;
				GCC_WARN_UNUSED_FUNCTION = YES;
				GCC_WARN_UNUSED_VARIABLE = YES;
				IPHONEOS_DEPLOYMENT_TARGET = 9.2;
				MTL_ENABLE_DEBUG_INFO = NO;
				SDKROOT = iphoneos;
				TARGETED_DEVICE_FAMILY = "1,2";
				VALIDATE_PRODUCT = YES;
			};
			name = Release;
		};
		F158CF8C1CE4D4170006DACA /* Debug */ = {
			isa = XCBuildConfiguration;
			buildSettings = {
				ASSETCATALOG_COMPILER_APPICON_NAME = AppIcon;
				INFOPLIST_FILE = BlackJack/Info.plist;
				LD_RUNPATH_SEARCH_PATHS = "$(inherited) @executable_path/Frameworks";
				PRODUCT_BUNDLE_IDENTIFIER = com.lacoste.BlackJack;
				PRODUCT_NAME = "$(TARGET_NAME)";
			};
			name = Debug;
		};
		F158CF8D1CE4D4170006DACA /* Release */ = {
			isa = XCBuildConfiguration;
			buildSettings = {
				ASSETCATALOG_COMPILER_APPICON_NAME = AppIcon;
				INFOPLIST_FILE = BlackJack/Info.plist;
				LD_RUNPATH_SEARCH_PATHS = "$(inherited) @executable_path/Frameworks";
				PRODUCT_BUNDLE_IDENTIFIER = com.lacoste.BlackJack;
				PRODUCT_NAME = "$(TARGET_NAME)";
			};
			name = Release;
		};
		F158CF8F1CE4D4170006DACA /* Debug */ = {
			isa = XCBuildConfiguration;
			buildSettings = {
				BUNDLE_LOADER = "$(TEST_HOST)";
				INFOPLIST_FILE = BlackJackTests/Info.plist;
				LD_RUNPATH_SEARCH_PATHS = "$(inherited) @executable_path/Frameworks @loader_path/Frameworks";
				PRODUCT_BUNDLE_IDENTIFIER = com.lacoste.BlackJackTests;
				PRODUCT_NAME = "$(TARGET_NAME)";
				TEST_HOST = "$(BUILT_PRODUCTS_DIR)/BlackJack.app/BlackJack";
			};
			name = Debug;
		};
		F158CF901CE4D4170006DACA /* Release */ = {
			isa = XCBuildConfiguration;
			buildSettings = {
				BUNDLE_LOADER = "$(TEST_HOST)";
				INFOPLIST_FILE = BlackJackTests/Info.plist;
				LD_RUNPATH_SEARCH_PATHS = "$(inherited) @executable_path/Frameworks @loader_path/Frameworks";
				PRODUCT_BUNDLE_IDENTIFIER = com.lacoste.BlackJackTests;
				PRODUCT_NAME = "$(TARGET_NAME)";
				TEST_HOST = "$(BUILT_PRODUCTS_DIR)/BlackJack.app/BlackJack";
			};
			name = Release;
		};
		F158CF921CE4D4170006DACA /* Debug */ = {
			isa = XCBuildConfiguration;
			buildSettings = {
				INFOPLIST_FILE = BlackJackUITests/Info.plist;
				LD_RUNPATH_SEARCH_PATHS = "$(inherited) @executable_path/Frameworks @loader_path/Frameworks";
				PRODUCT_BUNDLE_IDENTIFIER = com.lacoste.BlackJackUITests;
				PRODUCT_NAME = "$(TARGET_NAME)";
				TEST_TARGET_NAME = BlackJack;
				USES_XCTRUNNER = YES;
			};
			name = Debug;
		};
		F158CF931CE4D4170006DACA /* Release */ = {
			isa = XCBuildConfiguration;
			buildSettings = {
				INFOPLIST_FILE = BlackJackUITests/Info.plist;
				LD_RUNPATH_SEARCH_PATHS = "$(inherited) @executable_path/Frameworks @loader_path/Frameworks";
				PRODUCT_BUNDLE_IDENTIFIER = com.lacoste.BlackJackUITests;
				PRODUCT_NAME = "$(TARGET_NAME)";
				TEST_TARGET_NAME = BlackJack;
				USES_XCTRUNNER = YES;
			};
			name = Release;
		};
/* End XCBuildConfiguration section */

/* Begin XCConfigurationList section */
		F158CF5B1CE4D4160006DACA /* Build configuration list for PBXProject "BlackJack" */ = {
			isa = XCConfigurationList;
			buildConfigurations = (
				F158CF891CE4D4170006DACA /* Debug */,
				F158CF8A1CE4D4170006DACA /* Release */,
			);
			defaultConfigurationIsVisible = 0;
			defaultConfigurationName = Release;
		};
		F158CF8B1CE4D4170006DACA /* Build configuration list for PBXNativeTarget "BlackJack" */ = {
			isa = XCConfigurationList;
			buildConfigurations = (
				F158CF8C1CE4D4170006DACA /* Debug */,
				F158CF8D1CE4D4170006DACA /* Release */,
			);
			defaultConfigurationIsVisible = 0;
			defaultConfigurationName = Release;
		};
		F158CF8E1CE4D4170006DACA /* Build configuration list for PBXNativeTarget "BlackJackTests" */ = {
			isa = XCConfigurationList;
			buildConfigurations = (
				F158CF8F1CE4D4170006DACA /* Debug */,
				F158CF901CE4D4170006DACA /* Release */,
			);
			defaultConfigurationIsVisible = 0;
			defaultConfigurationName = Release;
		};
		F158CF911CE4D4170006DACA /* Build configuration list for PBXNativeTarget "BlackJackUITests" */ = {
			isa = XCConfigurationList;
			buildConfigurations = (
				F158CF921CE4D4170006DACA /* Debug */,
				F158CF931CE4D4170006DACA /* Release */,
			);
			defaultConfigurationIsVisible = 0;
			defaultConfigurationName = Release;
		};
/* End XCConfigurationList section */

/* Begin XCVersionGroup section */
		F158CF6A1CE4D4160006DACA /* BlackJack.xcdatamodeld */ = {
			isa = XCVersionGroup;
			children = (
				F158CF6B1CE4D4160006DACA /* BlackJack.xcdatamodel */,
			);
			currentVersion = F158CF6B1CE4D4160006DACA /* BlackJack.xcdatamodel */;
			path = BlackJack.xcdatamodeld;
			sourceTree = "<group>";
			versionGroupType = wrapper.xcdatamodel;
		};
/* End XCVersionGroup section */
	};
	rootObject = F158CF581CE4D4160006DACA /* Project object */;
}
